// !$*UTF8*$!
{
	archiveVersion = 1;
	classes = {
	};
	objectVersion = 46;
	objects = {

/* Begin PBXBuildFile section */
		0BC952741D5B50D28AA7B1AF /* Pods_ArvinLocationPicker.framework in Frameworks */ = {isa = PBXBuildFile; fileRef = 2BDD51FB6990EB4E48D97A60 /* Pods_ArvinLocationPicker.framework */; };
		A529C7A91E8265D800D61576 /* AppDelegate.swift in Sources */ = {isa = PBXBuildFile; fileRef = A529C7A81E8265D800D61576 /* AppDelegate.swift */; };
		A529C7AB1E8265D800D61576 /* ViewController.swift in Sources */ = {isa = PBXBuildFile; fileRef = A529C7AA1E8265D800D61576 /* ViewController.swift */; };
		A529C7AE1E8265D800D61576 /* Main.storyboard in Resources */ = {isa = PBXBuildFile; fileRef = A529C7AC1E8265D800D61576 /* Main.storyboard */; };
		A529C7B01E8265D800D61576 /* Assets.xcassets in Resources */ = {isa = PBXBuildFile; fileRef = A529C7AF1E8265D800D61576 /* Assets.xcassets */; };
		A529C7B31E8265D800D61576 /* LaunchScreen.storyboard in Resources */ = {isa = PBXBuildFile; fileRef = A529C7B11E8265D800D61576 /* LaunchScreen.storyboard */; };
		A529C7BE1E8265D800D61576 /* ArvinLocationPickerTests.swift in Sources */ = {isa = PBXBuildFile; fileRef = A529C7BD1E8265D800D61576 /* ArvinLocationPickerTests.swift */; };
		A529C7C91E8265D800D61576 /* ArvinLocationPickerUITests.swift in Sources */ = {isa = PBXBuildFile; fileRef = A529C7C81E8265D800D61576 /* ArvinLocationPickerUITests.swift */; };
		A5CA19B61E83B5C90052ACD2 /* LocationEngine.swift in Sources */ = {isa = PBXBuildFile; fileRef = A5CA19B51E83B5C90052ACD2 /* LocationEngine.swift */; };
		D0C85AB1A911E7620A5FC459 /* Pods_ArvinLocationPickerTests.framework in Frameworks */ = {isa = PBXBuildFile; fileRef = E2C82B02B960B7BCB516A29B /* Pods_ArvinLocationPickerTests.framework */; };
		D150FAC9F55FF4E2404FAED7 /* Pods_ArvinLocationPickerUITests.framework in Frameworks */ = {isa = PBXBuildFile; fileRef = 69EA29D968FFC6B0BC7F9FDA /* Pods_ArvinLocationPickerUITests.framework */; };
/* End PBXBuildFile section */

/* Begin PBXContainerItemProxy section */
		A529C7BA1E8265D800D61576 /* PBXContainerItemProxy */ = {
			isa = PBXContainerItemProxy;
			containerPortal = A529C79D1E8265D700D61576 /* Project object */;
			proxyType = 1;
			remoteGlobalIDString = A529C7A41E8265D800D61576;
			remoteInfo = ArvinLocationPicker;
		};
		A529C7C51E8265D800D61576 /* PBXContainerItemProxy */ = {
			isa = PBXContainerItemProxy;
			containerPortal = A529C79D1E8265D700D61576 /* Project object */;
			proxyType = 1;
			remoteGlobalIDString = A529C7A41E8265D800D61576;
			remoteInfo = ArvinLocationPicker;
		};
/* End PBXContainerItemProxy section */

/* Begin PBXFileReference section */
		028AA1DEDC11B96B4B1AB7CD /* Pods-ArvinLocationPickerTests.debug.xcconfig */ = {isa = PBXFileReference; includeInIndex = 1; lastKnownFileType = text.xcconfig; name = "Pods-ArvinLocationPickerTests.debug.xcconfig"; path = "Pods/Target Support Files/Pods-ArvinLocationPickerTests/Pods-ArvinLocationPickerTests.debug.xcconfig"; sourceTree = "<group>"; };
		17FA0089657CDF11D0A9FAAF /* Pods-ArvinLocationPickerUITests.release.xcconfig */ = {isa = PBXFileReference; includeInIndex = 1; lastKnownFileType = text.xcconfig; name = "Pods-ArvinLocationPickerUITests.release.xcconfig"; path = "Pods/Target Support Files/Pods-ArvinLocationPickerUITests/Pods-ArvinLocationPickerUITests.release.xcconfig"; sourceTree = "<group>"; };
		2BDD51FB6990EB4E48D97A60 /* Pods_ArvinLocationPicker.framework */ = {isa = PBXFileReference; explicitFileType = wrapper.framework; includeInIndex = 0; path = Pods_ArvinLocationPicker.framework; sourceTree = BUILT_PRODUCTS_DIR; };
		667DB09F9C1C1EA4938E57D4 /* Pods-ArvinLocationPicker.release.xcconfig */ = {isa = PBXFileReference; includeInIndex = 1; lastKnownFileType = text.xcconfig; name = "Pods-ArvinLocationPicker.release.xcconfig"; path = "Pods/Target Support Files/Pods-ArvinLocationPicker/Pods-ArvinLocationPicker.release.xcconfig"; sourceTree = "<group>"; };
		69EA29D968FFC6B0BC7F9FDA /* Pods_ArvinLocationPickerUITests.framework */ = {isa = PBXFileReference; explicitFileType = wrapper.framework; includeInIndex = 0; path = Pods_ArvinLocationPickerUITests.framework; sourceTree = BUILT_PRODUCTS_DIR; };
		8A45C5B4561811B32AB6CE97 /* Pods-ArvinLocationPickerUITests.debug.xcconfig */ = {isa = PBXFileReference; includeInIndex = 1; lastKnownFileType = text.xcconfig; name = "Pods-ArvinLocationPickerUITests.debug.xcconfig"; path = "Pods/Target Support Files/Pods-ArvinLocationPickerUITests/Pods-ArvinLocationPickerUITests.debug.xcconfig"; sourceTree = "<group>"; };
		A529C7A51E8265D800D61576 /* ArvinLocationPicker.app */ = {isa = PBXFileReference; explicitFileType = wrapper.application; includeInIndex = 0; path = ArvinLocationPicker.app; sourceTree = BUILT_PRODUCTS_DIR; };
		A529C7A81E8265D800D61576 /* AppDelegate.swift */ = {isa = PBXFileReference; lastKnownFileType = sourcecode.swift; path = AppDelegate.swift; sourceTree = "<group>"; };
		A529C7AA1E8265D800D61576 /* ViewController.swift */ = {isa = PBXFileReference; lastKnownFileType = sourcecode.swift; path = ViewController.swift; sourceTree = "<group>"; };
		A529C7AD1E8265D800D61576 /* Base */ = {isa = PBXFileReference; lastKnownFileType = file.storyboard; name = Base; path = Base.lproj/Main.storyboard; sourceTree = "<group>"; };
		A529C7AF1E8265D800D61576 /* Assets.xcassets */ = {isa = PBXFileReference; lastKnownFileType = folder.assetcatalog; path = Assets.xcassets; sourceTree = "<group>"; };
		A529C7B21E8265D800D61576 /* Base */ = {isa = PBXFileReference; lastKnownFileType = file.storyboard; name = Base; path = Base.lproj/LaunchScreen.storyboard; sourceTree = "<group>"; };
		A529C7B41E8265D800D61576 /* Info.plist */ = {isa = PBXFileReference; lastKnownFileType = text.plist.xml; path = Info.plist; sourceTree = "<group>"; };
		A529C7B91E8265D800D61576 /* ArvinLocationPickerTests.xctest */ = {isa = PBXFileReference; explicitFileType = wrapper.cfbundle; includeInIndex = 0; path = ArvinLocationPickerTests.xctest; sourceTree = BUILT_PRODUCTS_DIR; };
		A529C7BD1E8265D800D61576 /* ArvinLocationPickerTests.swift */ = {isa = PBXFileReference; lastKnownFileType = sourcecode.swift; path = ArvinLocationPickerTests.swift; sourceTree = "<group>"; };
		A529C7BF1E8265D800D61576 /* Info.plist */ = {isa = PBXFileReference; lastKnownFileType = text.plist.xml; path = Info.plist; sourceTree = "<group>"; };
		A529C7C41E8265D800D61576 /* ArvinLocationPickerUITests.xctest */ = {isa = PBXFileReference; explicitFileType = wrapper.cfbundle; includeInIndex = 0; path = ArvinLocationPickerUITests.xctest; sourceTree = BUILT_PRODUCTS_DIR; };
		A529C7C81E8265D800D61576 /* ArvinLocationPickerUITests.swift */ = {isa = PBXFileReference; lastKnownFileType = sourcecode.swift; path = ArvinLocationPickerUITests.swift; sourceTree = "<group>"; };
		A529C7CA1E8265D800D61576 /* Info.plist */ = {isa = PBXFileReference; lastKnownFileType = text.plist.xml; path = Info.plist; sourceTree = "<group>"; };
		A5CA19B51E83B5C90052ACD2 /* LocationEngine.swift */ = {isa = PBXFileReference; fileEncoding = 4; lastKnownFileType = sourcecode.swift; path = LocationEngine.swift; sourceTree = "<group>"; };
		CB6C4AF0CAF4993C7E7C74A1 /* Pods-ArvinLocationPicker.debug.xcconfig */ = {isa = PBXFileReference; includeInIndex = 1; lastKnownFileType = text.xcconfig; name = "Pods-ArvinLocationPicker.debug.xcconfig"; path = "Pods/Target Support Files/Pods-ArvinLocationPicker/Pods-ArvinLocationPicker.debug.xcconfig"; sourceTree = "<group>"; };
		E2C82B02B960B7BCB516A29B /* Pods_ArvinLocationPickerTests.framework */ = {isa = PBXFileReference; explicitFileType = wrapper.framework; includeInIndex = 0; path = Pods_ArvinLocationPickerTests.framework; sourceTree = BUILT_PRODUCTS_DIR; };
		E7ED5BDC46E6663EBD4B9B03 /* Pods-ArvinLocationPickerTests.release.xcconfig */ = {isa = PBXFileReference; includeInIndex = 1; lastKnownFileType = text.xcconfig; name = "Pods-ArvinLocationPickerTests.release.xcconfig"; path = "Pods/Target Support Files/Pods-ArvinLocationPickerTests/Pods-ArvinLocationPickerTests.release.xcconfig"; sourceTree = "<group>"; };
/* End PBXFileReference section */

/* Begin PBXFrameworksBuildPhase section */
		A529C7A21E8265D800D61576 /* Frameworks */ = {
			isa = PBXFrameworksBuildPhase;
			buildActionMask = 2147483647;
			files = (
				0BC952741D5B50D28AA7B1AF /* Pods_ArvinLocationPicker.framework in Frameworks */,
			);
			runOnlyForDeploymentPostprocessing = 0;
		};
		A529C7B61E8265D800D61576 /* Frameworks */ = {
			isa = PBXFrameworksBuildPhase;
			buildActionMask = 2147483647;
			files = (
				D0C85AB1A911E7620A5FC459 /* Pods_ArvinLocationPickerTests.framework in Frameworks */,
			);
			runOnlyForDeploymentPostprocessing = 0;
		};
		A529C7C11E8265D800D61576 /* Frameworks */ = {
			isa = PBXFrameworksBuildPhase;
			buildActionMask = 2147483647;
			files = (
				D150FAC9F55FF4E2404FAED7 /* Pods_ArvinLocationPickerUITests.framework in Frameworks */,
			);
			runOnlyForDeploymentPostprocessing = 0;
		};
/* End PBXFrameworksBuildPhase section */

/* Begin PBXGroup section */
		87F094F09A87AE372C7A81C2 /* Frameworks */ = {
			isa = PBXGroup;
			children = (
				2BDD51FB6990EB4E48D97A60 /* Pods_ArvinLocationPicker.framework */,
				E2C82B02B960B7BCB516A29B /* Pods_ArvinLocationPickerTests.framework */,
				69EA29D968FFC6B0BC7F9FDA /* Pods_ArvinLocationPickerUITests.framework */,
			);
			name = Frameworks;
			sourceTree = "<group>";
		};
		A529C79C1E8265D700D61576 = {
			isa = PBXGroup;
			children = (
				A529C7A71E8265D800D61576 /* ArvinLocationPicker */,
				A529C7BC1E8265D800D61576 /* ArvinLocationPickerTests */,
				A529C7C71E8265D800D61576 /* ArvinLocationPickerUITests */,
				A529C7A61E8265D800D61576 /* Products */,
				FFC6BC9FBE5004620D206DFE /* Pods */,
				87F094F09A87AE372C7A81C2 /* Frameworks */,
			);
			sourceTree = "<group>";
		};
		A529C7A61E8265D800D61576 /* Products */ = {
			isa = PBXGroup;
			children = (
				A529C7A51E8265D800D61576 /* ArvinLocationPicker.app */,
				A529C7B91E8265D800D61576 /* ArvinLocationPickerTests.xctest */,
				A529C7C41E8265D800D61576 /* ArvinLocationPickerUITests.xctest */,
			);
			name = Products;
			sourceTree = "<group>";
		};
		A529C7A71E8265D800D61576 /* ArvinLocationPicker */ = {
			isa = PBXGroup;
			children = (
				A529C7A81E8265D800D61576 /* AppDelegate.swift */,
				A529C7AA1E8265D800D61576 /* ViewController.swift */,
				A5CA19B51E83B5C90052ACD2 /* LocationEngine.swift */,
				A529C7AC1E8265D800D61576 /* Main.storyboard */,
				A529C7AF1E8265D800D61576 /* Assets.xcassets */,
				A529C7B11E8265D800D61576 /* LaunchScreen.storyboard */,
				A529C7B41E8265D800D61576 /* Info.plist */,
			);
			path = ArvinLocationPicker;
			sourceTree = "<group>";
		};
		A529C7BC1E8265D800D61576 /* ArvinLocationPickerTests */ = {
			isa = PBXGroup;
			children = (
				A529C7BD1E8265D800D61576 /* ArvinLocationPickerTests.swift */,
				A529C7BF1E8265D800D61576 /* Info.plist */,
			);
			path = ArvinLocationPickerTests;
			sourceTree = "<group>";
		};
		A529C7C71E8265D800D61576 /* ArvinLocationPickerUITests */ = {
			isa = PBXGroup;
			children = (
				A529C7C81E8265D800D61576 /* ArvinLocationPickerUITests.swift */,
				A529C7CA1E8265D800D61576 /* Info.plist */,
			);
			path = ArvinLocationPickerUITests;
			sourceTree = "<group>";
		};
		FFC6BC9FBE5004620D206DFE /* Pods */ = {
			isa = PBXGroup;
			children = (
				CB6C4AF0CAF4993C7E7C74A1 /* Pods-ArvinLocationPicker.debug.xcconfig */,
				667DB09F9C1C1EA4938E57D4 /* Pods-ArvinLocationPicker.release.xcconfig */,
				028AA1DEDC11B96B4B1AB7CD /* Pods-ArvinLocationPickerTests.debug.xcconfig */,
				E7ED5BDC46E6663EBD4B9B03 /* Pods-ArvinLocationPickerTests.release.xcconfig */,
				8A45C5B4561811B32AB6CE97 /* Pods-ArvinLocationPickerUITests.debug.xcconfig */,
				17FA0089657CDF11D0A9FAAF /* Pods-ArvinLocationPickerUITests.release.xcconfig */,
			);
			name = Pods;
			sourceTree = "<group>";
		};
/* End PBXGroup section */

/* Begin PBXNativeTarget section */
		A529C7A41E8265D800D61576 /* ArvinLocationPicker */ = {
			isa = PBXNativeTarget;
			buildConfigurationList = A529C7CD1E8265D800D61576 /* Build configuration list for PBXNativeTarget "ArvinLocationPicker" */;
			buildPhases = (
				31C158CE791A3C5A73D7376C /* [CP] Check Pods Manifest.lock */,
				A529C7A11E8265D800D61576 /* Sources */,
				A529C7A21E8265D800D61576 /* Frameworks */,
				A529C7A31E8265D800D61576 /* Resources */,
				311F44B1AC960693CAD8BA78 /* [CP] Embed Pods Frameworks */,
				BF6CFF60B16AE2EDB0C6FCFC /* [CP] Copy Pods Resources */,
			);
			buildRules = (
			);
			dependencies = (
			);
			name = ArvinLocationPicker;
			productName = ArvinLocationPicker;
			productReference = A529C7A51E8265D800D61576 /* ArvinLocationPicker.app */;
			productType = "com.apple.product-type.application";
		};
		A529C7B81E8265D800D61576 /* ArvinLocationPickerTests */ = {
			isa = PBXNativeTarget;
			buildConfigurationList = A529C7D01E8265D800D61576 /* Build configuration list for PBXNativeTarget "ArvinLocationPickerTests" */;
			buildPhases = (
				91E5F3CC00BC28C6599CFED1 /* [CP] Check Pods Manifest.lock */,
				A529C7B51E8265D800D61576 /* Sources */,
				A529C7B61E8265D800D61576 /* Frameworks */,
				A529C7B71E8265D800D61576 /* Resources */,
				513380402CA140EDF9266D5A /* [CP] Embed Pods Frameworks */,
				EC573CB5CA1A000613148D2C /* [CP] Copy Pods Resources */,
			);
			buildRules = (
			);
			dependencies = (
				A529C7BB1E8265D800D61576 /* PBXTargetDependency */,
			);
			name = ArvinLocationPickerTests;
			productName = ArvinLocationPickerTests;
			productReference = A529C7B91E8265D800D61576 /* ArvinLocationPickerTests.xctest */;
			productType = "com.apple.product-type.bundle.unit-test";
		};
		A529C7C31E8265D800D61576 /* ArvinLocationPickerUITests */ = {
			isa = PBXNativeTarget;
			buildConfigurationList = A529C7D31E8265D800D61576 /* Build configuration list for PBXNativeTarget "ArvinLocationPickerUITests" */;
			buildPhases = (
				FE81ED00687CDD532860786A /* [CP] Check Pods Manifest.lock */,
				A529C7C01E8265D800D61576 /* Sources */,
				A529C7C11E8265D800D61576 /* Frameworks */,
				A529C7C21E8265D800D61576 /* Resources */,
				7352E2FD3329C5C88DF489E0 /* [CP] Embed Pods Frameworks */,
				4B322C8C014CEE11E3016982 /* [CP] Copy Pods Resources */,
			);
			buildRules = (
			);
			dependencies = (
				A529C7C61E8265D800D61576 /* PBXTargetDependency */,
			);
			name = ArvinLocationPickerUITests;
			productName = ArvinLocationPickerUITests;
			productReference = A529C7C41E8265D800D61576 /* ArvinLocationPickerUITests.xctest */;
			productType = "com.apple.product-type.bundle.ui-testing";
		};
/* End PBXNativeTarget section */

/* Begin PBXProject section */
		A529C79D1E8265D700D61576 /* Project object */ = {
			isa = PBXProject;
			attributes = {
				LastSwiftUpdateCheck = 0820;
				LastUpgradeCheck = 0820;
				ORGANIZATIONNAME = hexainitiative;
				TargetAttributes = {
					A529C7A41E8265D800D61576 = {
						CreatedOnToolsVersion = 8.2.1;
						DevelopmentTeam = 5JJJ4YM5QJ;
						ProvisioningStyle = Automatic;
					};
					A529C7B81E8265D800D61576 = {
						CreatedOnToolsVersion = 8.2.1;
						ProvisioningStyle = Automatic;
						TestTargetID = A529C7A41E8265D800D61576;
					};
					A529C7C31E8265D800D61576 = {
						CreatedOnToolsVersion = 8.2.1;
						ProvisioningStyle = Automatic;
						TestTargetID = A529C7A41E8265D800D61576;
					};
				};
			};
			buildConfigurationList = A529C7A01E8265D700D61576 /* Build configuration list for PBXProject "ArvinLocationPicker" */;
			compatibilityVersion = "Xcode 3.2";
			developmentRegion = English;
			hasScannedForEncodings = 0;
			knownRegions = (
				en,
				Base,
			);
			mainGroup = A529C79C1E8265D700D61576;
			productRefGroup = A529C7A61E8265D800D61576 /* Products */;
			projectDirPath = "";
			projectRoot = "";
			targets = (
				A529C7A41E8265D800D61576 /* ArvinLocationPicker */,
				A529C7B81E8265D800D61576 /* ArvinLocationPickerTests */,
				A529C7C31E8265D800D61576 /* ArvinLocationPickerUITests */,
			);
		};
/* End PBXProject section */

/* Begin PBXResourcesBuildPhase section */
		A529C7A31E8265D800D61576 /* Resources */ = {
			isa = PBXResourcesBuildPhase;
			buildActionMask = 2147483647;
			files = (
				A529C7B31E8265D800D61576 /* LaunchScreen.storyboard in Resources */,
				A529C7B01E8265D800D61576 /* Assets.xcassets in Resources */,
				A529C7AE1E8265D800D61576 /* Main.storyboard in Resources */,
			);
			runOnlyForDeploymentPostprocessing = 0;
		};
		A529C7B71E8265D800D61576 /* Resources */ = {
			isa = PBXResourcesBuildPhase;
			buildActionMask = 2147483647;
			files = (
			);
			runOnlyForDeploymentPostprocessing = 0;
		};
		A529C7C21E8265D800D61576 /* Resources */ = {
			isa = PBXResourcesBuildPhase;
			buildActionMask = 2147483647;
			files = (
			);
			runOnlyForDeploymentPostprocessing = 0;
		};
/* End PBXResourcesBuildPhase section */

/* Begin PBXShellScriptBuildPhase section */
		311F44B1AC960693CAD8BA78 /* [CP] Embed Pods Frameworks */ = {
			isa = PBXShellScriptBuildPhase;
			buildActionMask = 2147483647;
			files = (
			);
			inputPaths = (
			);
			name = "[CP] Embed Pods Frameworks";
			outputPaths = (
			);
			runOnlyForDeploymentPostprocessing = 0;
			shellPath = /bin/sh;
			shellScript = "\"${SRCROOT}/Pods/Target Support Files/Pods-ArvinLocationPicker/Pods-ArvinLocationPicker-frameworks.sh\"\n";
			showEnvVarsInLog = 0;
		};
		31C158CE791A3C5A73D7376C /* [CP] Check Pods Manifest.lock */ = {
			isa = PBXShellScriptBuildPhase;
			buildActionMask = 2147483647;
			files = (
			);
			inputPaths = (
			);
			name = "[CP] Check Pods Manifest.lock";
			outputPaths = (
			);
			runOnlyForDeploymentPostprocessing = 0;
			shellPath = /bin/sh;
			shellScript = "diff \"${PODS_ROOT}/../Podfile.lock\" \"${PODS_ROOT}/Manifest.lock\" > /dev/null\nif [ $? != 0 ] ; then\n    # print error to STDERR\n    echo \"error: The sandbox is not in sync with the Podfile.lock. Run 'pod install' or update your CocoaPods installation.\" >&2\n    exit 1\nfi\n";
			showEnvVarsInLog = 0;
		};
		4B322C8C014CEE11E3016982 /* [CP] Copy Pods Resources */ = {
			isa = PBXShellScriptBuildPhase;
			buildActionMask = 2147483647;
			files = (
			);
			inputPaths = (
			);
			name = "[CP] Copy Pods Resources";
			outputPaths = (
			);
			runOnlyForDeploymentPostprocessing = 0;
			shellPath = /bin/sh;
			shellScript = "\"${SRCROOT}/Pods/Target Support Files/Pods-ArvinLocationPickerUITests/Pods-ArvinLocationPickerUITests-resources.sh\"\n";
			showEnvVarsInLog = 0;
		};
		513380402CA140EDF9266D5A /* [CP] Embed Pods Frameworks */ = {
			isa = PBXShellScriptBuildPhase;
			buildActionMask = 2147483647;
			files = (
			);
			inputPaths = (
			);
			name = "[CP] Embed Pods Frameworks";
			outputPaths = (
			);
			runOnlyForDeploymentPostprocessing = 0;
			shellPath = /bin/sh;
			shellScript = "\"${SRCROOT}/Pods/Target Support Files/Pods-ArvinLocationPickerTests/Pods-ArvinLocationPickerTests-frameworks.sh\"\n";
			showEnvVarsInLog = 0;
		};
		7352E2FD3329C5C88DF489E0 /* [CP] Embed Pods Frameworks */ = {
			isa = PBXShellScriptBuildPhase;
			buildActionMask = 2147483647;
			files = (
			);
			inputPaths = (
			);
			name = "[CP] Embed Pods Frameworks";
			outputPaths = (
			);
			runOnlyForDeploymentPostprocessing = 0;
			shellPath = /bin/sh;
			shellScript = "\"${SRCROOT}/Pods/Target Support Files/Pods-ArvinLocationPickerUITests/Pods-ArvinLocationPickerUITests-frameworks.sh\"\n";
			showEnvVarsInLog = 0;
		};
		91E5F3CC00BC28C6599CFED1 /* [CP] Check Pods Manifest.lock */ = {
			isa = PBXShellScriptBuildPhase;
			buildActionMask = 2147483647;
			files = (
			);
			inputPaths = (
			);
			name = "[CP] Check Pods Manifest.lock";
			outputPaths = (
			);
			runOnlyForDeploymentPostprocessing = 0;
			shellPath = /bin/sh;
			shellScript = "diff \"${PODS_ROOT}/../Podfile.lock\" \"${PODS_ROOT}/Manifest.lock\" > /dev/null\nif [ $? != 0 ] ; then\n    # print error to STDERR\n    echo \"error: The sandbox is not in sync with the Podfile.lock. Run 'pod install' or update your CocoaPods installation.\" >&2\n    exit 1\nfi\n";
			showEnvVarsInLog = 0;
		};
		BF6CFF60B16AE2EDB0C6FCFC /* [CP] Copy Pods Resources */ = {
			isa = PBXShellScriptBuildPhase;
			buildActionMask = 2147483647;
			files = (
			);
			inputPaths = (
			);
			name = "[CP] Copy Pods Resources";
			outputPaths = (
			);
			runOnlyForDeploymentPostprocessing = 0;
			shellPath = /bin/sh;
			shellScript = "\"${SRCROOT}/Pods/Target Support Files/Pods-ArvinLocationPicker/Pods-ArvinLocationPicker-resources.sh\"\n";
			showEnvVarsInLog = 0;
		};
		EC573CB5CA1A000613148D2C /* [CP] Copy Pods Resources */ = {
			isa = PBXShellScriptBuildPhase;
			buildActionMask = 2147483647;
			files = (
			);
			inputPaths = (
			);
			name = "[CP] Copy Pods Resources";
			outputPaths = (
			);
			runOnlyForDeploymentPostprocessing = 0;
			shellPath = /bin/sh;
			shellScript = "\"${SRCROOT}/Pods/Target Support Files/Pods-ArvinLocationPickerTests/Pods-ArvinLocationPickerTests-resources.sh\"\n";
			showEnvVarsInLog = 0;
		};
		FE81ED00687CDD532860786A /* [CP] Check Pods Manifest.lock */ = {
			isa = PBXShellScriptBuildPhase;
			buildActionMask = 2147483647;
			files = (
			);
			inputPaths = (
			);
			name = "[CP] Check Pods Manifest.lock";
			outputPaths = (
			);
			runOnlyForDeploymentPostprocessing = 0;
			shellPath = /bin/sh;
			shellScript = "diff \"${PODS_ROOT}/../Podfile.lock\" \"${PODS_ROOT}/Manifest.lock\" > /dev/null\nif [ $? != 0 ] ; then\n    # print error to STDERR\n    echo \"error: The sandbox is not in sync with the Podfile.lock. Run 'pod install' or update your CocoaPods installation.\" >&2\n    exit 1\nfi\n";
			showEnvVarsInLog = 0;
		};
/* End PBXShellScriptBuildPhase section */

/* Begin PBXSourcesBuildPhase section */
		A529C7A11E8265D800D61576 /* Sources */ = {
			isa = PBXSourcesBuildPhase;
			buildActionMask = 2147483647;
			files = (
				A529C7AB1E8265D800D61576 /* ViewController.swift in Sources */,
				A529C7A91E8265D800D61576 /* AppDelegate.swift in Sources */,
				A5CA19B61E83B5C90052ACD2 /* LocationEngine.swift in Sources */,
			);
			runOnlyForDeploymentPostprocessing = 0;
		};
		A529C7B51E8265D800D61576 /* Sources */ = {
			isa = PBXSourcesBuildPhase;
			buildActionMask = 2147483647;
			files = (
				A529C7BE1E8265D800D61576 /* ArvinLocationPickerTests.swift in Sources */,
			);
			runOnlyForDeploymentPostprocessing = 0;
		};
		A529C7C01E8265D800D61576 /* Sources */ = {
			isa = PBXSourcesBuildPhase;
			buildActionMask = 2147483647;
			files = (
				A529C7C91E8265D800D61576 /* ArvinLocationPickerUITests.swift in Sources */,
			);
			runOnlyForDeploymentPostprocessing = 0;
		};
/* End PBXSourcesBuildPhase section */

/* Begin PBXTargetDependency section */
		A529C7BB1E8265D800D61576 /* PBXTargetDependency */ = {
			isa = PBXTargetDependency;
			target = A529C7A41E8265D800D61576 /* ArvinLocationPicker */;
			targetProxy = A529C7BA1E8265D800D61576 /* PBXContainerItemProxy */;
		};
		A529C7C61E8265D800D61576 /* PBXTargetDependency */ = {
			isa = PBXTargetDependency;
			target = A529C7A41E8265D800D61576 /* ArvinLocationPicker */;
			targetProxy = A529C7C51E8265D800D61576 /* PBXContainerItemProxy */;
		};
/* End PBXTargetDependency section */

/* Begin PBXVariantGroup section */
		A529C7AC1E8265D800D61576 /* Main.storyboard */ = {
			isa = PBXVariantGroup;
			children = (
				A529C7AD1E8265D800D61576 /* Base */,
			);
			name = Main.storyboard;
			sourceTree = "<group>";
		};
		A529C7B11E8265D800D61576 /* LaunchScreen.storyboard */ = {
			isa = PBXVariantGroup;
			children = (
				A529C7B21E8265D800D61576 /* Base */,
			);
			name = LaunchScreen.storyboard;
			sourceTree = "<group>";
		};
/* End PBXVariantGroup section */

/* Begin XCBuildConfiguration section */
		A529C7CB1E8265D800D61576 /* Debug */ = {
			isa = XCBuildConfiguration;
			buildSettings = {
				ALWAYS_SEARCH_USER_PATHS = NO;
				CLANG_ANALYZER_NONNULL = YES;
				CLANG_CXX_LANGUAGE_STANDARD = "gnu++0x";
				CLANG_CXX_LIBRARY = "libc++";
				CLANG_ENABLE_MODULES = YES;
				CLANG_ENABLE_OBJC_ARC = YES;
				CLANG_WARN_BOOL_CONVERSION = YES;
				CLANG_WARN_CONSTANT_CONVERSION = YES;
				CLANG_WARN_DIRECT_OBJC_ISA_USAGE = YES_ERROR;
				CLANG_WARN_DOCUMENTATION_COMMENTS = YES;
				CLANG_WARN_EMPTY_BODY = YES;
				CLANG_WARN_ENUM_CONVERSION = YES;
				CLANG_WARN_INFINITE_RECURSION = YES;
				CLANG_WARN_INT_CONVERSION = YES;
				CLANG_WARN_OBJC_ROOT_CLASS = YES_ERROR;
				CLANG_WARN_SUSPICIOUS_MOVE = YES;
				CLANG_WARN_UNREACHABLE_CODE = YES;
				CLANG_WARN__DUPLICATE_METHOD_MATCH = YES;
				"CODE_SIGN_IDENTITY[sdk=iphoneos*]" = "iPhone Developer";
				COPY_PHASE_STRIP = NO;
				DEBUG_INFORMATION_FORMAT = dwarf;
				ENABLE_STRICT_OBJC_MSGSEND = YES;
				ENABLE_TESTABILITY = YES;
				GCC_C_LANGUAGE_STANDARD = gnu99;
				GCC_DYNAMIC_NO_PIC = NO;
				GCC_NO_COMMON_BLOCKS = YES;
				GCC_OPTIMIZATION_LEVEL = 0;
				GCC_PREPROCESSOR_DEFINITIONS = (
					"DEBUG=1",
					"$(inherited)",
				);
				GCC_WARN_64_TO_32_BIT_CONVERSION = YES;
				GCC_WARN_ABOUT_RETURN_TYPE = YES_ERROR;
				GCC_WARN_UNDECLARED_SELECTOR = YES;
				GCC_WARN_UNINITIALIZED_AUTOS = YES_AGGRESSIVE;
				GCC_WARN_UNUSED_FUNCTION = YES;
				GCC_WARN_UNUSED_VARIABLE = YES;
				IPHONEOS_DEPLOYMENT_TARGET = 10.2;
				MTL_ENABLE_DEBUG_INFO = YES;
				ONLY_ACTIVE_ARCH = YES;
				SDKROOT = iphoneos;
				SWIFT_ACTIVE_COMPILATION_CONDITIONS = DEBUG;
				SWIFT_OPTIMIZATION_LEVEL = "-Onone";
			};
			name = Debug;
		};
		A529C7CC1E8265D800D61576 /* Release */ = {
			isa = XCBuildConfiguration;
			buildSettings = {
				ALWAYS_SEARCH_USER_PATHS = NO;
				CLANG_ANALYZER_NONNULL = YES;
				CLANG_CXX_LANGUAGE_STANDARD = "gnu++0x";
				CLANG_CXX_LIBRARY = "libc++";
				CLANG_ENABLE_MODULES = YES;
				CLANG_ENABLE_OBJC_ARC = YES;
				CLANG_WARN_BOOL_CONVERSION = YES;
				CLANG_WARN_CONSTANT_CONVERSION = YES;
				CLANG_WARN_DIRECT_OBJC_ISA_USAGE = YES_ERROR;
				CLANG_WARN_DOCUMENTATION_COMMENTS = YES;
				CLANG_WARN_EMPTY_BODY = YES;
				CLANG_WARN_ENUM_CONVERSION = YES;
				CLANG_WARN_INFINITE_RECURSION = YES;
				CLANG_WARN_INT_CONVERSION = YES;
				CLANG_WARN_OBJC_ROOT_CLASS = YES_ERROR;
				CLANG_WARN_SUSPICIOUS_MOVE = YES;
				CLANG_WARN_UNREACHABLE_CODE = YES;
				CLANG_WARN__DUPLICATE_METHOD_MATCH = YES;
				"CODE_SIGN_IDENTITY[sdk=iphoneos*]" = "iPhone Developer";
				COPY_PHASE_STRIP = NO;
				DEBUG_INFORMATION_FORMAT = "dwarf-with-dsym";
				ENABLE_NS_ASSERTIONS = NO;
				ENABLE_STRICT_OBJC_MSGSEND = YES;
				GCC_C_LANGUAGE_STANDARD = gnu99;
				GCC_NO_COMMON_BLOCKS = YES;
				GCC_WARN_64_TO_32_BIT_CONVERSION = YES;
				GCC_WARN_ABOUT_RETURN_TYPE = YES_ERROR;
				GCC_WARN_UNDECLARED_SELECTOR = YES;
				GCC_WARN_UNINITIALIZED_AUTOS = YES_AGGRESSIVE;
				GCC_WARN_UNUSED_FUNCTION = YES;
				GCC_WARN_UNUSED_VARIABLE = YES;
				IPHONEOS_DEPLOYMENT_TARGET = 10.2;
				MTL_ENABLE_DEBUG_INFO = NO;
				SDKROOT = iphoneos;
				SWIFT_OPTIMIZATION_LEVEL = "-Owholemodule";
				VALIDATE_PRODUCT = YES;
			};
			name = Release;
		};
		A529C7CE1E8265D800D61576 /* Debug */ = {
			isa = XCBuildConfiguration;
			baseConfigurationReference = CB6C4AF0CAF4993C7E7C74A1 /* Pods-ArvinLocationPicker.debug.xcconfig */;
			buildSettings = {
				ASSETCATALOG_COMPILER_APPICON_NAME = AppIcon;
				DEVELOPMENT_TEAM = 5JJJ4YM5QJ;
				INFOPLIST_FILE = ArvinLocationPicker/Info.plist;
				LD_RUNPATH_SEARCH_PATHS = "$(inherited) @executable_path/Frameworks";
				PRODUCT_BUNDLE_IDENTIFIER = com.hexainitiative.ArvinLocationPicker;
				PRODUCT_NAME = "$(TARGET_NAME)";
				SWIFT_VERSION = 3.0;
			};
			name = Debug;
		};
		A529C7CF1E8265D800D61576 /* Release */ = {
			isa = XCBuildConfiguration;
			baseConfigurationReference = 667DB09F9C1C1EA4938E57D4 /* Pods-ArvinLocationPicker.release.xcconfig */;
			buildSettings = {
				ASSETCATALOG_COMPILER_APPICON_NAME = AppIcon;
				DEVELOPMENT_TEAM = 5JJJ4YM5QJ;
				INFOPLIST_FILE = ArvinLocationPicker/Info.plist;
				LD_RUNPATH_SEARCH_PATHS = "$(inherited) @executable_path/Frameworks";
				PRODUCT_BUNDLE_IDENTIFIER = com.hexainitiative.ArvinLocationPicker;
				PRODUCT_NAME = "$(TARGET_NAME)";
				SWIFT_VERSION = 3.0;
			};
			name = Release;
		};
		A529C7D11E8265D800D61576 /* Debug */ = {
			isa = XCBuildConfiguration;
			baseConfigurationReference = 028AA1DEDC11B96B4B1AB7CD /* Pods-ArvinLocationPickerTests.debug.xcconfig */;
			buildSettings = {
				ALWAYS_EMBED_SWIFT_STANDARD_LIBRARIES = YES;
				BUNDLE_LOADER = "$(TEST_HOST)";
				INFOPLIST_FILE = ArvinLocationPickerTests/Info.plist;
				LD_RUNPATH_SEARCH_PATHS = "$(inherited) @executable_path/Frameworks @loader_path/Frameworks";
				PRODUCT_BUNDLE_IDENTIFIER = com.hexainitiative.ArvinLocationPickerTests;
				PRODUCT_NAME = "$(TARGET_NAME)";
				SWIFT_VERSION = 3.0;
				TEST_HOST = "$(BUILT_PRODUCTS_DIR)/ArvinLocationPicker.app/ArvinLocationPicker";
			};
			name = Debug;
		};
		A529C7D21E8265D800D61576 /* Release */ = {
			isa = XCBuildConfiguration;
			baseConfigurationReference = E7ED5BDC46E6663EBD4B9B03 /* Pods-ArvinLocationPickerTests.release.xcconfig */;
			buildSettings = {
				ALWAYS_EMBED_SWIFT_STANDARD_LIBRARIES = YES;
				BUNDLE_LOADER = "$(TEST_HOST)";
				INFOPLIST_FILE = ArvinLocationPickerTests/Info.plist;
				LD_RUNPATH_SEARCH_PATHS = "$(inherited) @executable_path/Frameworks @loader_path/Frameworks";
				PRODUCT_BUNDLE_IDENTIFIER = com.hexainitiative.ArvinLocationPickerTests;
				PRODUCT_NAME = "$(TARGET_NAME)";
				SWIFT_VERSION = 3.0;
				TEST_HOST = "$(BUILT_PRODUCTS_DIR)/ArvinLocationPicker.app/ArvinLocationPicker";
			};
			name = Release;
		};
		A529C7D41E8265D800D61576 /* Debug */ = {
			isa = XCBuildConfiguration;
			baseConfigurationReference = 8A45C5B4561811B32AB6CE97 /* Pods-ArvinLocationPickerUITests.debug.xcconfig */;
			buildSettings = {
				ALWAYS_EMBED_SWIFT_STANDARD_LIBRARIES = YES;
				INFOPLIST_FILE = ArvinLocationPickerUITests/Info.plist;
				LD_RUNPATH_SEARCH_PATHS = "$(inherited) @executable_path/Frameworks @loader_path/Frameworks";
				PRODUCT_BUNDLE_IDENTIFIER = com.hexainitiative.ArvinLocationPickerUITests;
				PRODUCT_NAME = "$(TARGET_NAME)";
				SWIFT_VERSION = 3.0;
				TEST_TARGET_NAME = ArvinLocationPicker;
			};
			name = Debug;
		};
		A529C7D51E8265D800D61576 /* Release */ = {
			isa = XCBuildConfiguration;
			baseConfigurationReference = 17FA0089657CDF11D0A9FAAF /* Pods-ArvinLocationPickerUITests.release.xcconfig */;
			buildSettings = {
				ALWAYS_EMBED_SWIFT_STANDARD_LIBRARIES = YES;
				INFOPLIST_FILE = ArvinLocationPickerUITests/Info.plist;
				LD_RUNPATH_SEARCH_PATHS = "$(inherited) @executable_path/Frameworks @loader_path/Frameworks";
				PRODUCT_BUNDLE_IDENTIFIER = com.hexainitiative.ArvinLocationPickerUITests;
				PRODUCT_NAME = "$(TARGET_NAME)";
				SWIFT_VERSION = 3.0;
				TEST_TARGET_NAME = ArvinLocationPicker;
			};
			name = Release;
		};
/* End XCBuildConfiguration section */

/* Begin XCConfigurationList section */
		A529C7A01E8265D700D61576 /* Build configuration list for PBXProject "ArvinLocationPicker" */ = {
			isa = XCConfigurationList;
			buildConfigurations = (
				A529C7CB1E8265D800D61576 /* Debug */,
				A529C7CC1E8265D800D61576 /* Release */,
			);
			defaultConfigurationIsVisible = 0;
			defaultConfigurationName = Release;
		};
		A529C7CD1E8265D800D61576 /* Build configuration list for PBXNativeTarget "ArvinLocationPicker" */ = {
			isa = XCConfigurationList;
			buildConfigurations = (
				A529C7CE1E8265D800D61576 /* Debug */,
				A529C7CF1E8265D800D61576 /* Release */,
			);
			defaultConfigurationIsVisible = 0;
			defaultConfigurationName = Release;
		};
		A529C7D01E8265D800D61576 /* Build configuration list for PBXNativeTarget "ArvinLocationPickerTests" */ = {
			isa = XCConfigurationList;
			buildConfigurations = (
				A529C7D11E8265D800D61576 /* Debug */,
				A529C7D21E8265D800D61576 /* Release */,
			);
			defaultConfigurationIsVisible = 0;
			defaultConfigurationName = Release;
		};
		A529C7D31E8265D800D61576 /* Build configuration list for PBXNativeTarget "ArvinLocationPickerUITests" */ = {
			isa = XCConfigurationList;
			buildConfigurations = (
				A529C7D41E8265D800D61576 /* Debug */,
				A529C7D51E8265D800D61576 /* Release */,
			);
			defaultConfigurationIsVisible = 0;
			defaultConfigurationName = Release;
		};
/* End XCConfigurationList section */
	};
	rootObject = A529C79D1E8265D700D61576 /* Project object */;
}
